{
  "lib/foundry-devops": {
    "tag": {
      "name": "0.2.2",
      "rev": "df9f90b490423578142b5dd50752db9427efb2ac"
    }
  },
  "lib/forge-std": {
    "rev": "8bbcf6e3f8f62f419e5429a0bd89331c85c37824"
  },
  "lib/chainlink-brownie-contracts": {
    "rev": "5cb41fbc9b525338b6098da5ea7dd0b7e92f89e4"
  }
}